
Microsoft Visual Studio Solution File, Format Version 12.00
# Visual Studio Version 16
VisualStudioVersion = 16.0.30002.166
MinimumVisualStudioVersion = 10.0.40219.1
Project("{FAE04EC0-301F-11D3-BF4B-00C04F79EFBC}") = "OperatorsLib", "OperatorsLib\OperatorsLib.csproj", "{16372553-BCB1-43F9-8E30-0E1FCD111606}"
EndProject
Project("{FAE04EC0-301F-11D3-BF4B-00C04F79EFBC}") = "UnitTest", "UnitTest\UnitTest.csproj", "{82C8286B-7E38-414C-B93A-7DF9732D8678}"
EndProject
Global
	GlobalSection(SolutionConfigurationPlatforms) = preSolution
		Debug|Any CPU = Debug|Any CPU
		Release|Any CPU = Release|Any CPU
	EndGlobalSection
	GlobalSection(ProjectConfigurationPlatforms) = postSolution
		{16372553-BCB1-43F9-8E30-0E1FCD111606}.Debug|Any CPU.ActiveCfg = Debug|Any CPU
		{16372553-BCB1-43F9-8E30-0E1FCD111606}.Debug|Any CPU.Build.0 = Debug|Any CPU
		{16372553-BCB1-43F9-8E30-0E1FCD111606}.Release|Any CPU.ActiveCfg = Release|Any CPU
		{16372553-BCB1-43F9-8E30-0E1FCD111606}.Release|Any CPU.Build.0 = Release|Any CPU
		{82C8286B-7E38-414C-B93A-7DF9732D8678}.Debug|Any CPU.ActiveCfg = Debug|Any CPU
		{82C8286B-7E38-414C-B93A-7DF9732D8678}.Debug|Any CPU.Build.0 = Debug|Any CPU
		{82C8286B-7E38-414C-B93A-7DF9732D8678}.Release|Any CPU.ActiveCfg = Release|Any CPU
		{82C8286B-7E38-414C-B93A-7DF9732D8678}.Release|Any CPU.Build.0 = Release|Any CPU
	EndGlobalSection
	GlobalSection(SolutionProperties) = preSolution
		HideSolutionNode = FALSE
	EndGlobalSection
	GlobalSection(ExtensibilityGlobals) = postSolution
		SolutionGuid = {29911672-3EF7-4486-AB38-E876DB17F0C5}
	EndGlobalSection
EndGlobal
