
Microsoft Visual Studio Solution File, Format Version 12.00
# Visual Studio 15
VisualStudioVersion = 15.0.28307.1022
MinimumVisualStudioVersion = 10.0.40219.1
Project("{FAE04EC0-301F-11D3-BF4B-00C04F79EFBC}") = "AlgorithmLib", "AlgorithmLib\AlgorithmLib.csproj", "{72392F2C-5B9A-4B3B-9156-150FFBC18F22}"
EndProject
Project("{FAE04EC0-301F-11D3-BF4B-00C04F79EFBC}") = "AlgorithmLab", "AlgorithmLab\AlgorithmLab.csproj", "{663C3E53-EDE5-463A-B907-C18A82B10D10}"
EndProject
Global
	GlobalSection(SolutionConfigurationPlatforms) = preSolution
		Debug|Any CPU = Debug|Any CPU
		Release|Any CPU = Release|Any CPU
	EndGlobalSection
	GlobalSection(ProjectConfigurationPlatforms) = postSolution
		{72392F2C-5B9A-4B3B-9156-150FFBC18F22}.Debug|Any CPU.ActiveCfg = Debug|Any CPU
		{72392F2C-5B9A-4B3B-9156-150FFBC18F22}.Debug|Any CPU.Build.0 = Debug|Any CPU
		{72392F2C-5B9A-4B3B-9156-150FFBC18F22}.Release|Any CPU.ActiveCfg = Release|Any CPU
		{72392F2C-5B9A-4B3B-9156-150FFBC18F22}.Release|Any CPU.Build.0 = Release|Any CPU
		{663C3E53-EDE5-463A-B907-C18A82B10D10}.Debug|Any CPU.ActiveCfg = Debug|Any CPU
		{663C3E53-EDE5-463A-B907-C18A82B10D10}.Debug|Any CPU.Build.0 = Debug|Any CPU
		{663C3E53-EDE5-463A-B907-C18A82B10D10}.Release|Any CPU.ActiveCfg = Release|Any CPU
		{663C3E53-EDE5-463A-B907-C18A82B10D10}.Release|Any CPU.Build.0 = Release|Any CPU
	EndGlobalSection
	GlobalSection(SolutionProperties) = preSolution
		HideSolutionNode = FALSE
	EndGlobalSection
	GlobalSection(ExtensibilityGlobals) = postSolution
		SolutionGuid = {797A6055-D940-415A-B08B-6E475874A855}
	EndGlobalSection
EndGlobal
