
Microsoft Visual Studio Solution File, Format Version 12.00
# Visual Studio Version 17
VisualStudioVersion = 17.8.34322.80
MinimumVisualStudioVersion = 10.0.40219.1
Project("{9A19103F-16F7-4668-BE54-9A1E7A4F7556}") = "AlgorithmLib", "AlgorithmLib\AlgorithmLib.csproj", "{72392F2C-5B9A-4B3B-9156-150FFBC18F22}"
EndProject
Project("{9A19103F-16F7-4668-BE54-9A1E7A4F7556}") = "AlgorithmLab", "AlgorithmLab\AlgorithmLab.csproj", "{663C3E53-EDE5-463A-B907-C18A82B10D10}"
EndProject
Project("{9A19103F-16F7-4668-BE54-9A1E7A4F7556}") = "UnitTest", "UnitTest\UnitTest.csproj", "{92D1DEDD-0B31-48A0-B68C-3D4CDAD204E8}"
EndProject
Project("{9A19103F-16F7-4668-BE54-9A1E7A4F7556}") = "OnlineTest", "OnlineTest\OnlineTest.csproj", "{C71A6E7B-51F9-416B-B35E-65898F8ECCC3}"
EndProject
Project("{9A19103F-16F7-4668-BE54-9A1E7A4F7556}") = "AlgorithmLib10", "AlgorithmLib10\AlgorithmLib10.csproj", "{0FF6709A-1D5C-48C7-8E9F-4D7EFB163E02}"
EndProject
Project("{9A19103F-16F7-4668-BE54-9A1E7A4F7556}") = "OnlineTest10", "OnlineTest10\OnlineTest10.csproj", "{D8B3D859-F169-4F42-8C9A-68BF94EFC688}"
EndProject
Project("{FAE04EC0-301F-11D3-BF4B-00C04F79EFBC}") = "OnlineTest11", "OnlineTest11\OnlineTest11.csproj", "{47C15AE3-37B6-42EB-A12E-39284099C1D0}"
EndProject
Global
	GlobalSection(SolutionConfigurationPlatforms) = preSolution
		Debug|Any CPU = Debug|Any CPU
		Release|Any CPU = Release|Any CPU
	EndGlobalSection
	GlobalSection(ProjectConfigurationPlatforms) = postSolution
		{72392F2C-5B9A-4B3B-9156-150FFBC18F22}.Debug|Any CPU.ActiveCfg = Debug|Any CPU
		{72392F2C-5B9A-4B3B-9156-150FFBC18F22}.Debug|Any CPU.Build.0 = Debug|Any CPU
		{72392F2C-5B9A-4B3B-9156-150FFBC18F22}.Release|Any CPU.ActiveCfg = Release|Any CPU
		{72392F2C-5B9A-4B3B-9156-150FFBC18F22}.Release|Any CPU.Build.0 = Release|Any CPU
		{663C3E53-EDE5-463A-B907-C18A82B10D10}.Debug|Any CPU.ActiveCfg = Debug|Any CPU
		{663C3E53-EDE5-463A-B907-C18A82B10D10}.Debug|Any CPU.Build.0 = Debug|Any CPU
		{663C3E53-EDE5-463A-B907-C18A82B10D10}.Release|Any CPU.ActiveCfg = Release|Any CPU
		{663C3E53-EDE5-463A-B907-C18A82B10D10}.Release|Any CPU.Build.0 = Release|Any CPU
		{92D1DEDD-0B31-48A0-B68C-3D4CDAD204E8}.Debug|Any CPU.ActiveCfg = Debug|Any CPU
		{92D1DEDD-0B31-48A0-B68C-3D4CDAD204E8}.Debug|Any CPU.Build.0 = Debug|Any CPU
		{92D1DEDD-0B31-48A0-B68C-3D4CDAD204E8}.Release|Any CPU.ActiveCfg = Release|Any CPU
		{92D1DEDD-0B31-48A0-B68C-3D4CDAD204E8}.Release|Any CPU.Build.0 = Release|Any CPU
		{C71A6E7B-51F9-416B-B35E-65898F8ECCC3}.Debug|Any CPU.ActiveCfg = Debug|Any CPU
		{C71A6E7B-51F9-416B-B35E-65898F8ECCC3}.Debug|Any CPU.Build.0 = Debug|Any CPU
		{C71A6E7B-51F9-416B-B35E-65898F8ECCC3}.Release|Any CPU.ActiveCfg = Release|Any CPU
		{C71A6E7B-51F9-416B-B35E-65898F8ECCC3}.Release|Any CPU.Build.0 = Release|Any CPU
		{0FF6709A-1D5C-48C7-8E9F-4D7EFB163E02}.Debug|Any CPU.ActiveCfg = Debug|Any CPU
		{0FF6709A-1D5C-48C7-8E9F-4D7EFB163E02}.Debug|Any CPU.Build.0 = Debug|Any CPU
		{0FF6709A-1D5C-48C7-8E9F-4D7EFB163E02}.Release|Any CPU.ActiveCfg = Release|Any CPU
		{0FF6709A-1D5C-48C7-8E9F-4D7EFB163E02}.Release|Any CPU.Build.0 = Release|Any CPU
		{D8B3D859-F169-4F42-8C9A-68BF94EFC688}.Debug|Any CPU.ActiveCfg = Debug|Any CPU
		{D8B3D859-F169-4F42-8C9A-68BF94EFC688}.Debug|Any CPU.Build.0 = Debug|Any CPU
		{D8B3D859-F169-4F42-8C9A-68BF94EFC688}.Release|Any CPU.ActiveCfg = Release|Any CPU
		{D8B3D859-F169-4F42-8C9A-68BF94EFC688}.Release|Any CPU.Build.0 = Release|Any CPU
		{47C15AE3-37B6-42EB-A12E-39284099C1D0}.Debug|Any CPU.ActiveCfg = Debug|Any CPU
		{47C15AE3-37B6-42EB-A12E-39284099C1D0}.Debug|Any CPU.Build.0 = Debug|Any CPU
		{47C15AE3-37B6-42EB-A12E-39284099C1D0}.Release|Any CPU.ActiveCfg = Release|Any CPU
		{47C15AE3-37B6-42EB-A12E-39284099C1D0}.Release|Any CPU.Build.0 = Release|Any CPU
	EndGlobalSection
	GlobalSection(SolutionProperties) = preSolution
		HideSolutionNode = FALSE
	EndGlobalSection
	GlobalSection(ExtensibilityGlobals) = postSolution
		SolutionGuid = {797A6055-D940-415A-B08B-6E475874A855}
	EndGlobalSection
EndGlobal
